
Microsoft Visual Studio Solution File, Format Version 12.00
# Visual Studio 15
VisualStudioVersion = 15.0.27130.2020
MinimumVisualStudioVersion = 10.0.40219.1
Project("{FAE04EC0-301F-11D3-BF4B-00C04F79EFBC}") = "AulaPOO", "AulaPOO\AulaPOO.csproj", "{409D4ABA-1828-4027-B908-1D4B00EBD3FC}"
EndProject
Global
	GlobalSection(SolutionConfigurationPlatforms) = preSolution
		Debug|Any CPU = Debug|Any CPU
		Release|Any CPU = Release|Any CPU
	EndGlobalSection
	GlobalSection(ProjectConfigurationPlatforms) = postSolution
		{409D4ABA-1828-4027-B908-1D4B00EBD3FC}.Debug|Any CPU.ActiveCfg = Debug|Any CPU
		{409D4ABA-1828-4027-B908-1D4B00EBD3FC}.Debug|Any CPU.Build.0 = Debug|Any CPU
		{409D4ABA-1828-4027-B908-1D4B00EBD3FC}.Release|Any CPU.ActiveCfg = Release|Any CPU
		{409D4ABA-1828-4027-B908-1D4B00EBD3FC}.Release|Any CPU.Build.0 = Release|Any CPU
	EndGlobalSection
	GlobalSection(SolutionProperties) = preSolution
		HideSolutionNode = FALSE
	EndGlobalSection
	GlobalSection(ExtensibilityGlobals) = postSolution
		SolutionGuid = {558E8B2F-4C54-4568-AF08-8B00517EEA28}
	EndGlobalSection
EndGlobal
